
Microsoft Visual Studio Solution File, Format Version 12.00
# Visual Studio Version 16
VisualStudioVersion = 16.0.30717.126
MinimumVisualStudioVersion = 10.0.40219.1
Project("{8BC9CEB8-8B4A-11D0-8D11-00A0C91BC942}") = "Practica1", "Practica1.vcxproj", "{8B9BDD14-5CF5-4EFE-BEBD-B7E1FC768DA0}"
EndProject
Global
	GlobalSection(SolutionConfigurationPlatforms) = preSolution
		Debug|x64 = Debug|x64
		Debug|x86 = Debug|x86
		Release|x64 = Release|x64
		Release|x86 = Release|x86
	EndGlobalSection
	GlobalSection(ProjectConfigurationPlatforms) = postSolution
		{8B9BDD14-5CF5-4EFE-BEBD-B7E1FC768DA0}.Debug|x64.ActiveCfg = Debug|x64
		{8B9BDD14-5CF5-4EFE-BEBD-B7E1FC768DA0}.Debug|x64.Build.0 = Debug|x64
		{8B9BDD14-5CF5-4EFE-BEBD-B7E1FC768DA0}.Debug|x86.ActiveCfg = Debug|Win32
		{8B9BDD14-5CF5-4EFE-BEBD-B7E1FC768DA0}.Debug|x86.Build.0 = Debug|Win32
		{8B9BDD14-5CF5-4EFE-BEBD-B7E1FC768DA0}.Release|x64.ActiveCfg = Release|x64
		{8B9BDD14-5CF5-4EFE-BEBD-B7E1FC768DA0}.Release|x64.Build.0 = Release|x64
		{8B9BDD14-5CF5-4EFE-BEBD-B7E1FC768DA0}.Release|x86.ActiveCfg = Release|Win32
		{8B9BDD14-5CF5-4EFE-BEBD-B7E1FC768DA0}.Release|x86.Build.0 = Release|Win32
	EndGlobalSection
	GlobalSection(SolutionProperties) = preSolution
		HideSolutionNode = FALSE
	EndGlobalSection
	GlobalSection(ExtensibilityGlobals) = postSolution
		SolutionGuid = {265B208F-8C0B-4427-AE3F-80D1711434D4}
	EndGlobalSection
EndGlobal
